
Microsoft Visual Studio Solution File, Format Version 12.00
# Visual Studio 15
VisualStudioVersion = 15.0.28307.438
MinimumVisualStudioVersion = 10.0.40219.1
Project("{FAE04EC0-301F-11D3-BF4B-00C04F79EFBC}") = "ISElektroServis", "ISElektroServis\ISElektroServis.csproj", "{D54B6296-4520-4507-824D-BAAA9CD1EF83}"
EndProject
Global
	GlobalSection(SolutionConfigurationPlatforms) = preSolution
		Debug|Any CPU = Debug|Any CPU
		Release|Any CPU = Release|Any CPU
	EndGlobalSection
	GlobalSection(ProjectConfigurationPlatforms) = postSolution
		{D54B6296-4520-4507-824D-BAAA9CD1EF83}.Debug|Any CPU.ActiveCfg = Debug|Any CPU
		{D54B6296-4520-4507-824D-BAAA9CD1EF83}.Debug|Any CPU.Build.0 = Debug|Any CPU
		{D54B6296-4520-4507-824D-BAAA9CD1EF83}.Release|Any CPU.ActiveCfg = Release|Any CPU
		{D54B6296-4520-4507-824D-BAAA9CD1EF83}.Release|Any CPU.Build.0 = Release|Any CPU
	EndGlobalSection
	GlobalSection(SolutionProperties) = preSolution
		HideSolutionNode = FALSE
	EndGlobalSection
	GlobalSection(ExtensibilityGlobals) = postSolution
		SolutionGuid = {8C2A280E-DE20-4E90-A923-A3F7CC292B80}
	EndGlobalSection
EndGlobal
